{
  "nodes": {
    "devshell": {
      "locked": {
        "lastModified": 1620641550,
        "narHash": "sha256-o359KdI/LNiPL6EbirONff2MOvZHtZr9MgYx3R9oVFk=",
        "owner": "numtide",
        "repo": "devshell",
        "rev": "a47493423092f6c4c0a7eb605a7cd515a77db4a8",
        "type": "github"
      },
      "original": {
        "owner": "numtide",
        "repo": "devshell",
        "type": "github"
      }
    },
    "flake-utils": {
      "locked": {
        "lastModified": 1620759905,
        "narHash": "sha256-WiyWawrgmyN0EdmiHyG2V+fqReiVi8bM9cRdMaKQOFg=",
        "owner": "numtide",
        "repo": "flake-utils",
        "rev": "b543720b25df6ffdfcf9227afafc5b8c1fabfae8",
        "type": "github"
      },
      "original": {
        "owner": "numtide",
        "repo": "flake-utils",
        "type": "github"
      }
    },
    "mach-nix": {
      "inputs": {
        "flake-utils": [
          "flake-utils"
        ],
        "nixpkgs": [
          "nixpkgs"
        ],
        "pypi-deps-db": "pypi-deps-db"
      },
      "locked": {
        "lastModified": 1620744074,
        "narHash": "sha256-DGPTmVZOIyGbBlicpkn52CiJWtblsQFranI4+LhKELg=",
        "owner": "DavHau",
        "repo": "mach-nix",
        "rev": "e4ef89f77469f3dbf9c3c2bab223f389938ca82b",
        "type": "github"
      },
      "original": {
        "owner": "DavHau",
        "repo": "mach-nix",
        "type": "github"
      }
    },
    "nixpkgs": {
      "locked": {
        "lastModified": 1615259932,
        "narHash": "sha256-IXecmbqCr+XCtFwzBO3tHEd8PoJ4X4EyPZebKbV2ioE=",
        "owner": "NixOS",
        "repo": "nixpkgs",
        "rev": "29b0d4d0b600f8f5dd0b86e3362a33d4181938f9",
        "type": "github"
      },
      "original": {
        "owner": "NixOS",
        "repo": "nixpkgs",
        "rev": "29b0d4d0b600f8f5dd0b86e3362a33d4181938f9",
        "type": "github"
      }
    },
    "probtorch": {
      "flake": false,
      "locked": {
        "lastModified": 1621889065,
        "narHash": "sha256-LHjs/TC3DASgVibQPpxLZ3i/wowmqpYl9B792UFrp8w=",
        "owner": "probtorch",
        "repo": "probtorch",
        "rev": "632dc382ef45cb6de1009d268d87da3c940bbc79",
        "type": "github"
      },
      "original": {
        "owner": "probtorch",
        "ref": "combinators-dev",
        "repo": "probtorch",
        "type": "github"
      }
    },
    "pypi-deps-db": {
      "flake": false,
      "locked": {
        "lastModified": 1615363940,
        "narHash": "sha256-GJ3ONLWAr5ejqR5bKVfKpI/n+ClaxjyYewMP+QJyq5M=",
        "owner": "DavHau",
        "repo": "pypi-deps-db",
        "rev": "ab522f2d3255789f1ef97fa7c83d4342be156e67",
        "type": "github"
      },
      "original": {
        "owner": "DavHau",
        "repo": "pypi-deps-db",
        "type": "github"
      }
    },
    "root": {
      "inputs": {
        "devshell": "devshell",
        "flake-utils": "flake-utils",
        "mach-nix": "mach-nix",
        "nixpkgs": "nixpkgs",
        "probtorch": "probtorch"
      }
    }
  },
  "root": "root",
  "version": 7
}
