{
  "nodes": {
    "flake-utils": {
      "locked": {
        "lastModified": 1609246779,
        "narHash": "sha256-eq6ZXE/VWo3EMC65jmIT6H/rrUc9UWOWVujkzav025k=",
        "owner": "numtide",
        "repo": "flake-utils",
        "rev": "08c7ad4a0844adc4a7f9f5bb3beae482e789afa4",
        "type": "github"
      },
      "original": {
        "owner": "numtide",
        "repo": "flake-utils",
        "type": "github"
      }
    },
    "mach-nix": {
      "inputs": {
        "flake-utils": [
          "flake-utils"
        ],
        "nixpkgs": [
          "nixpkgs"
        ],
        "pypi-deps-db": "pypi-deps-db"
      },
      "locked": {
        "lastModified": 1606460537,
        "narHash": "sha256-gcKjBA1fpCzh0nGoaxurIjIJanPDrAea6NK60M+vfRk=",
        "owner": "DavHau",
        "repo": "mach-nix",
        "rev": "1ec92303acd142aa1a3b60bb97745544cf049312",
        "type": "github"
      },
      "original": {
        "owner": "DavHau",
        "repo": "mach-nix",
        "rev": "1ec92303acd142aa1a3b60bb97745544cf049312",
        "type": "github"
      }
    },
    "nixpkgs": {
      "locked": {
        "lastModified": 1607543509,
        "narHash": "sha256-jofrEbhSfROEt6UXyjpdXrRWieqjQoOfJVptlEClHXI=",
        "path": "/nix/store/0gqvlf61cyjavvalfql96jxykrf0q0nb-source",
        "rev": "65c9cc79f1d179713c227bf447fb0dac384cdcda",
        "type": "path"
      },
      "original": {
        "id": "nixpkgs",
        "type": "indirect"
      }
    },
    "pypi-deps-db": {
      "flake": false,
      "locked": {
        "lastModified": 1606280641,
        "narHash": "sha256-sVYIBMtvZgxQQkbxZg/45xw4e7vVh+5SU1kkvUvtnrc=",
        "owner": "DavHau",
        "repo": "pypi-deps-db",
        "rev": "63bb8887c8de8e056f5ed77ac6a35c771c0c5d57",
        "type": "github"
      },
      "original": {
        "owner": "DavHau",
        "repo": "pypi-deps-db",
        "type": "github"
      }
    },
    "root": {
      "inputs": {
        "flake-utils": "flake-utils",
        "mach-nix": "mach-nix",
        "nixpkgs": "nixpkgs"
      }
    }
  },
  "root": "root",
  "version": 7
}
